Microsoft Visual Studio Solution File, Format Version 12.00
# Visual Studio Version 17
VisualStudioVersion = 17.0.31903.59
MinimumVisualStudioVersion = 10.0.40219.1
Project("{FAE04EC0-301F-11D3-BF4B-00C04F79EFBC}") = "AIQuotaTray.Core", "src\AIQuotaTray.Core\AIQuotaTray.Core.csproj", "{E53D54E4-83BC-4F64-A976-607A7D544C3B}"
EndProject
Project("{FAE04EC0-301F-11D3-BF4B-00C04F79EFBC}") = "AIQuotaTray", "src\AIQuotaTray\AIQuotaTray.csproj", "{C2E724E4-89E4-4E26-8A90-74F84C51F9FA}"
EndProject
Project("{FAE04EC0-301F-11D3-BF4B-00C04F79EFBC}") = "AIQuotaTray.Tests", "tests\AIQuotaTray.Tests\AIQuotaTray.Tests.csproj", "{F56A741C-57A5-49EC-AFE5-48A6D6212161}"
EndProject
Global
	GlobalSection(SolutionConfigurationPlatforms) = preSolution
		Debug|Any CPU = Debug|Any CPU
		Release|Any CPU = Release|Any CPU
	EndGlobalSection
	GlobalSection(ProjectConfigurationPlatforms) = postSolution
		{E53D54E4-83BC-4F64-A976-607A7D544C3B}.Debug|Any CPU.ActiveCfg = Debug|Any CPU
		{E53D54E4-83BC-4F64-A976-607A7D544C3B}.Debug|Any CPU.Build.0 = Debug|Any CPU
		{E53D54E4-83BC-4F64-A976-607A7D544C3B}.Release|Any CPU.ActiveCfg = Release|Any CPU
		{E53D54E4-83BC-4F64-A976-607A7D544C3B}.Release|Any CPU.Build.0 = Release|Any CPU
		{C2E724E4-89E4-4E26-8A90-74F84C51F9FA}.Debug|Any CPU.ActiveCfg = Debug|Any CPU
		{C2E724E4-89E4-4E26-8A90-74F84C51F9FA}.Debug|Any CPU.Build.0 = Debug|Any CPU
		{C2E724E4-89E4-4E26-8A90-74F84C51F9FA}.Release|Any CPU.ActiveCfg = Release|Any CPU
		{C2E724E4-89E4-4E26-8A90-74F84C51F9FA}.Release|Any CPU.Build.0 = Release|Any CPU
		{F56A741C-57A5-49EC-AFE5-48A6D6212161}.Debug|Any CPU.ActiveCfg = Debug|Any CPU
		{F56A741C-57A5-49EC-AFE5-48A6D6212161}.Debug|Any CPU.Build.0 = Debug|Any CPU
		{F56A741C-57A5-49EC-AFE5-48A6D6212161}.Release|Any CPU.ActiveCfg = Release|Any CPU
		{F56A741C-57A5-49EC-AFE5-48A6D6212161}.Release|Any CPU.Build.0 = Release|Any CPU
	EndGlobalSection
EndGlobal

